
Microsoft Visual Studio Solution File, Format Version 12.00
# Visual Studio Version 16
VisualStudioVersion = 16.0.31624.102
MinimumVisualStudioVersion = 10.0.40219.1
Project("{FAE04EC0-301F-11D3-BF4B-00C04F79EFBC}") = "Health System API V.1", "Health System API V.1.csproj", "{F5050BFE-35CC-4B8B-9C65-1CE24E6CBCE9}"
EndProject
Global
	GlobalSection(SolutionConfigurationPlatforms) = preSolution
		Debug|Any CPU = Debug|Any CPU
		Release|Any CPU = Release|Any CPU
	EndGlobalSection
	GlobalSection(ProjectConfigurationPlatforms) = postSolution
		{F5050BFE-35CC-4B8B-9C65-1CE24E6CBCE9}.Debug|Any CPU.ActiveCfg = Debug|Any CPU
		{F5050BFE-35CC-4B8B-9C65-1CE24E6CBCE9}.Debug|Any CPU.Build.0 = Debug|Any CPU
		{F5050BFE-35CC-4B8B-9C65-1CE24E6CBCE9}.Release|Any CPU.ActiveCfg = Release|Any CPU
		{F5050BFE-35CC-4B8B-9C65-1CE24E6CBCE9}.Release|Any CPU.Build.0 = Release|Any CPU
	EndGlobalSection
	GlobalSection(SolutionProperties) = preSolution
		HideSolutionNode = FALSE
	EndGlobalSection
	GlobalSection(ExtensibilityGlobals) = postSolution
		SolutionGuid = {80217D22-CE37-44FE-BBCB-3D18C3ECEB9E}
	EndGlobalSection
EndGlobal
